
Microsoft Visual Studio Solution File, Format Version 12.00
# Visual Studio Version 17
VisualStudioVersion = 17.9.34701.34
MinimumVisualStudioVersion = 10.0.40219.1
Project("{FAE04EC0-301F-11D3-BF4B-00C04F79EFBC}") = "system1", "system1\system1.csproj", "{06F0BA60-E2F7-4C0D-B460-A760CCEA6F31}"
EndProject
Global
	GlobalSection(SolutionConfigurationPlatforms) = preSolution
		Debug|Any CPU = Debug|Any CPU
		Release|Any CPU = Release|Any CPU
	EndGlobalSection
	GlobalSection(ProjectConfigurationPlatforms) = postSolution
		{06F0BA60-E2F7-4C0D-B460-A760CCEA6F31}.Debug|Any CPU.ActiveCfg = Debug|Any CPU
		{06F0BA60-E2F7-4C0D-B460-A760CCEA6F31}.Debug|Any CPU.Build.0 = Debug|Any CPU
		{06F0BA60-E2F7-4C0D-B460-A760CCEA6F31}.Release|Any CPU.ActiveCfg = Release|Any CPU
		{06F0BA60-E2F7-4C0D-B460-A760CCEA6F31}.Release|Any CPU.Build.0 = Release|Any CPU
	EndGlobalSection
	GlobalSection(SolutionProperties) = preSolution
		HideSolutionNode = FALSE
	EndGlobalSection
	GlobalSection(ExtensibilityGlobals) = postSolution
		SolutionGuid = {5790EC45-A8E0-4463-B3EC-6CDE7B3EF815}
	EndGlobalSection
EndGlobal
